
Microsoft Visual Studio Solution File, Format Version 12.00
# Visual Studio Version 17
VisualStudioVersion = 17.7.34031.279
MinimumVisualStudioVersion = 10.0.40219.1
Project("{8BC9CEB8-8B4A-11D0-8D11-00A0C91BC942}") = "PR1", "PR1\PR1.vcxproj", "{73A99317-4CC1-44BD-82B1-F5048EDAAEB9}"
EndProject
Global
	GlobalSection(SolutionConfigurationPlatforms) = preSolution
		Debug|x64 = Debug|x64
		Debug|x86 = Debug|x86
		Release|x64 = Release|x64
		Release|x86 = Release|x86
	EndGlobalSection
	GlobalSection(ProjectConfigurationPlatforms) = postSolution
		{73A99317-4CC1-44BD-82B1-F5048EDAAEB9}.Debug|x64.ActiveCfg = Debug|x64
		{73A99317-4CC1-44BD-82B1-F5048EDAAEB9}.Debug|x64.Build.0 = Debug|x64
		{73A99317-4CC1-44BD-82B1-F5048EDAAEB9}.Debug|x86.ActiveCfg = Debug|Win32
		{73A99317-4CC1-44BD-82B1-F5048EDAAEB9}.Debug|x86.Build.0 = Debug|Win32
		{73A99317-4CC1-44BD-82B1-F5048EDAAEB9}.Release|x64.ActiveCfg = Release|x64
		{73A99317-4CC1-44BD-82B1-F5048EDAAEB9}.Release|x64.Build.0 = Release|x64
		{73A99317-4CC1-44BD-82B1-F5048EDAAEB9}.Release|x86.ActiveCfg = Release|Win32
		{73A99317-4CC1-44BD-82B1-F5048EDAAEB9}.Release|x86.Build.0 = Release|Win32
	EndGlobalSection
	GlobalSection(SolutionProperties) = preSolution
		HideSolutionNode = FALSE
	EndGlobalSection
	GlobalSection(ExtensibilityGlobals) = postSolution
		SolutionGuid = {62BE75F6-806E-43DA-A026-4F9C168C6C6F}
	EndGlobalSection
EndGlobal
